
Microsoft Visual Studio Solution File, Format Version 12.00
# Visual Studio Version 17
VisualStudioVersion = 17.6.33829.357
MinimumVisualStudioVersion = 10.0.40219.1
Project("{FAE04EC0-301F-11D3-BF4B-00C04F79EFBC}") = "AlphaPoisoned", "AlphaPoisoned\AlphaPoisoned.csproj", "{15DA6011-65BA-4D75-BD78-59A1072E973E}"
EndProject
Global
	GlobalSection(SolutionConfigurationPlatforms) = preSolution
		Debug|Any CPU = Debug|Any CPU
		Release|Any CPU = Release|Any CPU
	EndGlobalSection
	GlobalSection(ProjectConfigurationPlatforms) = postSolution
		{15DA6011-65BA-4D75-BD78-59A1072E973E}.Debug|Any CPU.ActiveCfg = Debug|Any CPU
		{15DA6011-65BA-4D75-BD78-59A1072E973E}.Debug|Any CPU.Build.0 = Debug|Any CPU
		{15DA6011-65BA-4D75-BD78-59A1072E973E}.Release|Any CPU.ActiveCfg = Release|Any CPU
		{15DA6011-65BA-4D75-BD78-59A1072E973E}.Release|Any CPU.Build.0 = Release|Any CPU
	EndGlobalSection
	GlobalSection(SolutionProperties) = preSolution
		HideSolutionNode = FALSE
	EndGlobalSection
	GlobalSection(ExtensibilityGlobals) = postSolution
		SolutionGuid = {C2CAD76A-B50C-4EC8-A172-1896B67B52E1}
	EndGlobalSection
EndGlobal
